
Microsoft Visual Studio Solution File, Format Version 12.00
Project("{FAE04EC0-301F-11D3-BF4B-00C04F79EFBC}") = "ChessEngine", "ChessEngine\ChessEngine.csproj", "{D06CB4C2-9781-437E-9FD2-61E35D86A7F9}"
EndProject
Project("{FAE04EC0-301F-11D3-BF4B-00C04F79EFBC}") = "ChessApi", "ChessApi\ChessApi.csproj", "{4264B396-F5CE-4C8C-85C2-2BEACE65ADE9}"
EndProject
Global
	GlobalSection(SolutionConfigurationPlatforms) = preSolution
		Debug|Any CPU = Debug|Any CPU
		Release|Any CPU = Release|Any CPU
	EndGlobalSection
	GlobalSection(ProjectConfigurationPlatforms) = postSolution
		{D06CB4C2-9781-437E-9FD2-61E35D86A7F9}.Debug|Any CPU.ActiveCfg = Debug|Any CPU
		{D06CB4C2-9781-437E-9FD2-61E35D86A7F9}.Debug|Any CPU.Build.0 = Debug|Any CPU
		{D06CB4C2-9781-437E-9FD2-61E35D86A7F9}.Release|Any CPU.ActiveCfg = Release|Any CPU
		{D06CB4C2-9781-437E-9FD2-61E35D86A7F9}.Release|Any CPU.Build.0 = Release|Any CPU
		{4264B396-F5CE-4C8C-85C2-2BEACE65ADE9}.Debug|Any CPU.ActiveCfg = Debug|Any CPU
		{4264B396-F5CE-4C8C-85C2-2BEACE65ADE9}.Debug|Any CPU.Build.0 = Debug|Any CPU
		{4264B396-F5CE-4C8C-85C2-2BEACE65ADE9}.Release|Any CPU.ActiveCfg = Release|Any CPU
		{4264B396-F5CE-4C8C-85C2-2BEACE65ADE9}.Release|Any CPU.Build.0 = Release|Any CPU
	EndGlobalSection
EndGlobal
